
Microsoft Visual Studio Solution File, Format Version 12.00
# Visual Studio Version 17
VisualStudioVersion = 17.14.36202.13 d17.14
MinimumVisualStudioVersion = 10.0.40219.1
Project("{888888A0-9F3D-457C-B088-3A5042F75D52}") = "Script Data Search and combine", "Script Data Search and combine\Script Data Search and combine.pyproj", "{EFE8C6C9-972C-4855-9C1D-AF83B564BD23}"
EndProject
Global
	GlobalSection(SolutionConfigurationPlatforms) = preSolution
		Debug|Any CPU = Debug|Any CPU
		Release|Any CPU = Release|Any CPU
	EndGlobalSection
	GlobalSection(ProjectConfigurationPlatforms) = postSolution
		{EFE8C6C9-972C-4855-9C1D-AF83B564BD23}.Debug|Any CPU.ActiveCfg = Debug|Any CPU
		{EFE8C6C9-972C-4855-9C1D-AF83B564BD23}.Release|Any CPU.ActiveCfg = Release|Any CPU
	EndGlobalSection
	GlobalSection(SolutionProperties) = preSolution
		HideSolutionNode = FALSE
	EndGlobalSection
	GlobalSection(ExtensibilityGlobals) = postSolution
		SolutionGuid = {6EDB17EE-3D47-4563-958E-EB7C18B8EEEC}
	EndGlobalSection
EndGlobal
